{
  "nodes": {
    "nixpkgs": {
      "locked": {
        "lastModified": 1664538465,
        "narHash": "sha256-EnlC7dDKX7X1wlnXkB1gmn9rBZQ0J9+biVTZHw//8us=",
        "owner": "NixOS",
        "repo": "nixpkgs",
        "rev": "10ecda252ce1b3b1d6403caeadbcc8f30d5ab796",
        "type": "github"
      },
      "original": {
        "owner": "NixOS",
        "ref": "nixos-unstable",
        "repo": "nixpkgs",
        "type": "github"
      }
    },
    "os-installer-snowflake-config": {
      "inputs": {
        "nixpkgs": [
          "nixpkgs"
        ],
        "utils": "utils"
      },
      "locked": {
        "lastModified": 1664678073,
        "narHash": "sha256-iywBqWGHF05I6PGOpz+iDGPBA8kvh2pcZiSwlnl0zyo=",
        "owner": "snowflakelinux",
        "repo": "os-installer-snowflake-config",
        "rev": "cd0e2675a87a422a0e267e4acbb777dd8304cbd5",
        "type": "github"
      },
      "original": {
        "owner": "snowflakelinux",
        "repo": "os-installer-snowflake-config",
        "type": "github"
      }
    },
    "os-installer-src": {
      "flake": false,
      "locked": {
        "lastModified": 1664529724,
        "narHash": "sha256-fj/BV/Bh9BvpPgDmNqxz5FN1XDM1Wo29bAUD4YaSCHg=",
        "ref": "refs/heads/main",
        "rev": "f81b9d341e1f2eba2382020467cfac435b74f7d4",
        "revCount": 647,
        "type": "git",
        "url": "https://gitlab.gnome.org/p3732/os-installer"
      },
      "original": {
        "type": "git",
        "url": "https://gitlab.gnome.org/p3732/os-installer"
      }
    },
    "root": {
      "inputs": {
        "nixpkgs": "nixpkgs",
        "os-installer-snowflake-config": "os-installer-snowflake-config",
        "os-installer-src": "os-installer-src",
        "utils": "utils_2",
        "vte-src": "vte-src"
      }
    },
    "utils": {
      "locked": {
        "lastModified": 1659877975,
        "narHash": "sha256-zllb8aq3YO3h8B/U0/J1WBgAL8EX5yWf5pMj3G0NAmc=",
        "owner": "numtide",
        "repo": "flake-utils",
        "rev": "c0e246b9b83f637f4681389ecabcb2681b4f3af0",
        "type": "github"
      },
      "original": {
        "owner": "numtide",
        "repo": "flake-utils",
        "type": "github"
      }
    },
    "utils_2": {
      "locked": {
        "lastModified": 1659877975,
        "narHash": "sha256-zllb8aq3YO3h8B/U0/J1WBgAL8EX5yWf5pMj3G0NAmc=",
        "owner": "numtide",
        "repo": "flake-utils",
        "rev": "c0e246b9b83f637f4681389ecabcb2681b4f3af0",
        "type": "github"
      },
      "original": {
        "owner": "numtide",
        "repo": "flake-utils",
        "type": "github"
      }
    },
    "vte-src": {
      "flake": false,
      "locked": {
        "lastModified": 1663943097,
        "narHash": "sha256-5uVPGjfjNGaLGhkzcMkSYsoTCaCETdJcEv3yerOJork=",
        "ref": "master",
        "rev": "8ef3f6b2f8043d28cbc82520eb094f09333b26ae",
        "revCount": 5222,
        "type": "git",
        "url": "https://gitlab.gnome.org/gnome/vte"
      },
      "original": {
        "ref": "master",
        "type": "git",
        "url": "https://gitlab.gnome.org/gnome/vte"
      }
    }
  },
  "root": "root",
  "version": 7
}
