{
  "nodes": {
    "nixpkgs": {
      "locked": {
        "lastModified": 1663494472,
        "narHash": "sha256-fSowlaoXXWcAM8m9wA6u+eTJJtvruYHMA+Lb/tFi/qM=",
        "owner": "NixOS",
        "repo": "nixpkgs",
        "rev": "f677051b8dc0b5e2a9348941c99eea8c4b0ff28f",
        "type": "github"
      },
      "original": {
        "owner": "NixOS",
        "ref": "nixos-unstable",
        "repo": "nixpkgs",
        "type": "github"
      }
    },
    "nixpkgs_2": {
      "locked": {
        "lastModified": 1663178737,
        "narHash": "sha256-ayOtdyoNx6BqJtTYVzdQCDz/YWb67TY/CMGacFCgNQo=",
        "owner": "NixOS",
        "repo": "nixpkgs",
        "rev": "1158501e7c7cba26d922723cf9f70099995eb755",
        "type": "github"
      },
      "original": {
        "owner": "NixOS",
        "ref": "nixos-unstable",
        "repo": "nixpkgs",
        "type": "github"
      }
    },
    "os-installer-snowflake-config": {
      "inputs": {
        "nixpkgs": "nixpkgs_2",
        "utils": "utils"
      },
      "locked": {
        "lastModified": 1663572878,
        "narHash": "sha256-j1XthE9S8TYDB2OO7uHSCQkdxE3GQGO1I8yD1NtENUE=",
        "path": "/home/victor/Documents/snowflake/os-installer-snowflake-config",
        "type": "path"
      },
      "original": {
        "path": "/home/victor/Documents/snowflake/os-installer-snowflake-config",
        "type": "path"
      }
    },
    "os-installer-src": {
      "flake": false,
      "locked": {
        "lastModified": 1663525207,
        "narHash": "sha256-vub3KMjZsDu8YePaSunzTO2jy0c0aO9oNcmFEONIzIA=",
        "ref": "refs/heads/main",
        "rev": "decef038532877db7f25092f41db04ddf6ea2799",
        "revCount": 605,
        "type": "git",
        "url": "https://gitlab.gnome.org/p3732/os-installer"
      },
      "original": {
        "type": "git",
        "url": "https://gitlab.gnome.org/p3732/os-installer"
      }
    },
    "root": {
      "inputs": {
        "nixpkgs": "nixpkgs",
        "os-installer-snowflake-config": "os-installer-snowflake-config",
        "os-installer-src": "os-installer-src",
        "utils": "utils_2",
        "vte-src": "vte-src"
      }
    },
    "utils": {
      "locked": {
        "lastModified": 1659877975,
        "narHash": "sha256-zllb8aq3YO3h8B/U0/J1WBgAL8EX5yWf5pMj3G0NAmc=",
        "owner": "numtide",
        "repo": "flake-utils",
        "rev": "c0e246b9b83f637f4681389ecabcb2681b4f3af0",
        "type": "github"
      },
      "original": {
        "owner": "numtide",
        "repo": "flake-utils",
        "type": "github"
      }
    },
    "utils_2": {
      "locked": {
        "lastModified": 1659877975,
        "narHash": "sha256-zllb8aq3YO3h8B/U0/J1WBgAL8EX5yWf5pMj3G0NAmc=",
        "owner": "numtide",
        "repo": "flake-utils",
        "rev": "c0e246b9b83f637f4681389ecabcb2681b4f3af0",
        "type": "github"
      },
      "original": {
        "owner": "numtide",
        "repo": "flake-utils",
        "type": "github"
      }
    },
    "vte-src": {
      "flake": false,
      "locked": {
        "lastModified": 1663514498,
        "narHash": "sha256-ZE0t/w0nUkIRPUI+N1zrx0LQOPmQoT74w74pLdbUhZ0=",
        "ref": "master",
        "rev": "9dbae321af881924b5cae245b3d956497e088437",
        "revCount": 5217,
        "type": "git",
        "url": "https://gitlab.gnome.org/gnome/vte"
      },
      "original": {
        "ref": "master",
        "type": "git",
        "url": "https://gitlab.gnome.org/gnome/vte"
      }
    }
  },
  "root": "root",
  "version": 7
}
