{
  "nodes": {
    "nixpkgs": {
      "locked": {
        "lastModified": 1670242877,
        "narHash": "sha256-jBLh7dRHnbfvPPA9znOC6oQfKrCPJ0El8Zoe0BqnCjQ=",
        "owner": "NixOS",
        "repo": "nixpkgs",
        "rev": "6e51c97f1c849efdfd4f3b78a4870e6aa2da4198",
        "type": "github"
      },
      "original": {
        "owner": "NixOS",
        "ref": "nixos-unstable",
        "repo": "nixpkgs",
        "type": "github"
      }
    },
    "os-installer-snowflake-config": {
      "inputs": {
        "nixpkgs": [
          "nixpkgs"
        ],
        "utils": "utils"
      },
      "locked": {
        "lastModified": 1667097710,
        "narHash": "sha256-BN1dnCz+0h/PBREml1Z7WBtta9ZciqPFhmdQhy8M5Lc=",
        "owner": "snowflakelinux",
        "repo": "os-installer-snowflake-config",
        "rev": "3cac4e597a81eeda9f7a2392f22e60eec5e8a335",
        "type": "github"
      },
      "original": {
        "owner": "snowflakelinux",
        "repo": "os-installer-snowflake-config",
        "type": "github"
      }
    },
    "os-installer-src": {
      "flake": false,
      "locked": {
        "lastModified": 1669189700,
        "narHash": "sha256-RFgd05FwabFdPSVewQDKJPRylhOwZjSO5avOpbhQxT8=",
        "ref": "refs/heads/main",
        "rev": "158b87d93aff8a9c9da0657612fdc43bc8afe97f",
        "revCount": 737,
        "type": "git",
        "url": "https://gitlab.gnome.org/p3732/os-installer"
      },
      "original": {
        "type": "git",
        "url": "https://gitlab.gnome.org/p3732/os-installer"
      }
    },
    "root": {
      "inputs": {
        "nixpkgs": "nixpkgs",
        "os-installer-snowflake-config": "os-installer-snowflake-config",
        "os-installer-src": "os-installer-src",
        "utils": "utils_2"
      }
    },
    "utils": {
      "locked": {
        "lastModified": 1667077288,
        "narHash": "sha256-bdC8sFNDpT0HK74u9fUkpbf1MEzVYJ+ka7NXCdgBoaA=",
        "owner": "numtide",
        "repo": "flake-utils",
        "rev": "6ee9ebb6b1ee695d2cacc4faa053a7b9baa76817",
        "type": "github"
      },
      "original": {
        "owner": "numtide",
        "repo": "flake-utils",
        "type": "github"
      }
    },
    "utils_2": {
      "locked": {
        "lastModified": 1667395993,
        "narHash": "sha256-nuEHfE/LcWyuSWnS8t12N1wc105Qtau+/OdUAjtQ0rA=",
        "owner": "numtide",
        "repo": "flake-utils",
        "rev": "5aed5285a952e0b949eb3ba02c12fa4fcfef535f",
        "type": "github"
      },
      "original": {
        "owner": "numtide",
        "repo": "flake-utils",
        "type": "github"
      }
    }
  },
  "root": "root",
  "version": 7
}
